
Microsoft Visual Studio Solution File, Format Version 12.00
# Visual Studio Version 17
VisualStudioVersion = 17.9.34616.47
MinimumVisualStudioVersion = 10.0.40219.1
Project("{FAE04EC0-301F-11D3-BF4B-00C04F79EFBC}") = "SensorService", "SensorService\SensorService.csproj", "{787F2ADD-2B4E-43EB-B5B2-C76960A3F271}"
EndProject
Global
	GlobalSection(SolutionConfigurationPlatforms) = preSolution
		Debug|Any CPU = Debug|Any CPU
		Release|Any CPU = Release|Any CPU
	EndGlobalSection
	GlobalSection(ProjectConfigurationPlatforms) = postSolution
		{787F2ADD-2B4E-43EB-B5B2-C76960A3F271}.Debug|Any CPU.ActiveCfg = Debug|Any CPU
		{787F2ADD-2B4E-43EB-B5B2-C76960A3F271}.Debug|Any CPU.Build.0 = Debug|Any CPU
		{787F2ADD-2B4E-43EB-B5B2-C76960A3F271}.Release|Any CPU.ActiveCfg = Release|Any CPU
		{787F2ADD-2B4E-43EB-B5B2-C76960A3F271}.Release|Any CPU.Build.0 = Release|Any CPU
	EndGlobalSection
	GlobalSection(SolutionProperties) = preSolution
		HideSolutionNode = FALSE
	EndGlobalSection
	GlobalSection(ExtensibilityGlobals) = postSolution
		SolutionGuid = {59DB671A-0863-41DB-AF0B-7E3100A90BFF}
	EndGlobalSection
EndGlobal
